{
  "name": "lovecrypto",
  "version": "0.0.1",
  "lockfileVersion": 1,
  "requires": true,
  "dependencies": {
    "@babel/runtime": {
      "version": "7.10.5",
      "resolved": "https://registry.npmjs.org/@babel/runtime/-/runtime-7.10.5.tgz",
      "integrity": "sha512-otddXKhdNn7d0ptoFRHtMLa8LqDxLYwTjB4nYgM1yy5N6gU/MUf8zqyyLltCH3yAVitBzmwK4us+DD0l/MauAg==",
      "requires": {
        "regenerator-runtime": "^0.13.4"
      }
    },
    "@eva-design/dss": {
      "version": "2.0.0",
      "resolved": "https://registry.npmjs.org/@eva-design/dss/-/dss-2.0.0.tgz",
      "integrity": "sha512-jHMSLG9w/uhu92Oi8pViwYL5kbUxDolTpAoS28DSl9SAgGSLpdlyX1vtDKC7+nx1Ay5J5OWhNIcsMML3IGSbZg=="
    },
    "@eva-design/eva": {
      "version": "2.0.0",
      "resolved": "https://registry.npmjs.org/@eva-design/eva/-/eva-2.0.0.tgz",
      "integrity": "sha512-6cf3PPAZOHGl59Wx8QmPW/BZgGxOSjiLZctErBlFezsAdMNtoduUfoAE/SRaPFt25bTTpbPFL8o2FrxrQvvFeA=="
    },
    "@eva-design/processor": {
      "version": "2.0.0",
      "resolved": "https://registry.npmjs.org/@eva-design/processor/-/processor-2.0.0.tgz",
      "integrity": "sha512-k+WUjj877u9SoRbSuQ4DO15AF5FkIqIhGzraBNQKDki8J8Xq/4VpOv1YiKEkRF6XjbZU89GKq+e/ipL+VZxI3Q=="
    },
    "@react-native-community/google-signin": {
      "version": "4.0.3",
      "resolved": "https://registry.npmjs.org/@react-native-community/google-signin/-/google-signin-4.0.3.tgz",
      "integrity": "sha512-0RyMHAPTOejxXuHkcrVLJ9Co1hxG/b1shmtn29QSjZ9W8oLj23gyLhJI4jjca389jToVjr2HsXsDXfNU4CA2Uw=="
    },
    "@react-native-community/masked-view": {
      "version": "0.1.10",
      "resolved": "https://registry.npmjs.org/@react-native-community/masked-view/-/masked-view-0.1.10.tgz",
      "integrity": "sha512-rk4sWFsmtOw8oyx8SD3KSvawwaK7gRBSEIy2TAwURyGt+3TizssXP1r8nx3zY+R7v2vYYHXZ+k2/GULAT/bcaQ=="
    },
    "@redux-saga/core": {
      "version": "1.1.3",
      "resolved": "https://registry.npmjs.org/@redux-saga/core/-/core-1.1.3.tgz",
      "integrity": "sha512-8tInBftak8TPzE6X13ABmEtRJGjtK17w7VUs7qV17S8hCO5S3+aUTWZ/DBsBJPdE8Z5jOPwYALyvofgq1Ws+kg==",
      "requires": {
        "@babel/runtime": "^7.6.3",
        "@redux-saga/deferred": "^1.1.2",
        "@redux-saga/delay-p": "^1.1.2",
        "@redux-saga/is": "^1.1.2",
        "@redux-saga/symbols": "^1.1.2",
        "@redux-saga/types": "^1.1.0",
        "redux": "^4.0.4",
        "typescript-tuple": "^2.2.1"
      }
    },
    "@redux-saga/deferred": {
      "version": "1.1.2",
      "resolved": "https://registry.npmjs.org/@redux-saga/deferred/-/deferred-1.1.2.tgz",
      "integrity": "sha512-908rDLHFN2UUzt2jb4uOzj6afpjgJe3MjICaUNO3bvkV/kN/cNeI9PMr8BsFXB/MR8WTAZQq/PlTq8Kww3TBSQ=="
    },
    "@redux-saga/delay-p": {
      "version": "1.1.2",
      "resolved": "https://registry.npmjs.org/@redux-saga/delay-p/-/delay-p-1.1.2.tgz",
      "integrity": "sha512-ojc+1IoC6OP65Ts5+ZHbEYdrohmIw1j9P7HS9MOJezqMYtCDgpkoqB5enAAZrNtnbSL6gVCWPHaoaTY5KeO0/g==",
      "requires": {
        "@redux-saga/symbols": "^1.1.2"
      }
    },
    "@redux-saga/is": {
      "version": "1.1.2",
      "resolved": "https://registry.npmjs.org/@redux-saga/is/-/is-1.1.2.tgz",
      "integrity": "sha512-OLbunKVsCVNTKEf2cH4TYyNbbPgvmZ52iaxBD4I1fTif4+MTXMa4/Z07L83zW/hTCXwpSZvXogqMqLfex2Tg6w==",
      "requires": {
        "@redux-saga/symbols": "^1.1.2",
        "@redux-saga/types": "^1.1.0"
      }
    },
    "@redux-saga/symbols": {
      "version": "1.1.2",
      "resolved": "https://registry.npmjs.org/@redux-saga/symbols/-/symbols-1.1.2.tgz",
      "integrity": "sha512-EfdGnF423glv3uMwLsGAtE6bg+R9MdqlHEzExnfagXPrIiuxwr3bdiAwz3gi+PsrQ3yBlaBpfGLtDG8rf3LgQQ=="
    },
    "@redux-saga/types": {
      "version": "1.1.0",
      "resolved": "https://registry.npmjs.org/@redux-saga/types/-/types-1.1.0.tgz",
      "integrity": "sha512-afmTuJrylUU/0OtqzaRkbyYFFNgCF73Bvel/sw90pvGrWIZ+vyoIJqA6eMSoA6+nb443kTmulmBtC9NerXboNg=="
    },
    "@ui-kitten/components": {
      "version": "5.0.0",
      "resolved": "https://registry.npmjs.org/@ui-kitten/components/-/components-5.0.0.tgz",
      "integrity": "sha512-XYcXYju7yPDGvg7TAxfTSlxWbxGL/p2R1Y9rSroIpylnSlow7KGlfq0R1MOxeKCf3tZDxSNvuVzaSlFgvJK7fQ==",
      "requires": {
        "@eva-design/dss": "^2.0.0",
        "@eva-design/processor": "^2.0.0",
        "fecha": "3.0.3",
        "hoist-non-react-statics": "^3.2.1",
        "lodash.merge": "^4.6.1"
      }
    },
    "@ui-kitten/eva-icons": {
      "version": "5.0.0",
      "resolved": "https://registry.npmjs.org/@ui-kitten/eva-icons/-/eva-icons-5.0.0.tgz",
      "integrity": "sha512-Iae3FtnNQKC0PnRnFDUpaCFhvUFaN+NkRxag6LstEjNqAMcVnsQbPTqPQFx18j920Z5S7f5/oZqaJ8NxZtPaNA==",
      "requires": {
        "react-native-eva-icons": "^1.3.1"
      }
    },
    "@ui-kitten/metro-config": {
      "version": "5.0.0",
      "resolved": "https://registry.npmjs.org/@ui-kitten/metro-config/-/metro-config-5.0.0.tgz",
      "integrity": "sha512-ImnpqdzNzZOgOHbrK27RgObzhMKT5iw2ZSqAZmEHUaVQexOwHlA1yBCHI2TnhuwtqiRsgYOW0zQywr05CnCPpQ==",
      "dev": true
    },
    "@ui-kitten/moment": {
      "version": "5.0.0",
      "resolved": "https://registry.npmjs.org/@ui-kitten/moment/-/moment-5.0.0.tgz",
      "integrity": "sha512-yM9nozxtD8bup5FXp5/CiA4ioDry8xlNX3WCved8GTrAeXiDkNuPomrmO8LC+3xYvJ+5gpNmXUkr7qKHiMkzEA=="
    },
    "@unimodules/core": {
      "version": "5.5.0",
      "resolved": "https://registry.npmjs.org/@unimodules/core/-/core-5.5.0.tgz",
      "integrity": "sha512-i99Dw9Ie/8hSCn80hq6nKlklINdtOhhNqRf2BbF0xs03Ej/WYHsp6NaXReTifI5I7OP5djArEu2oYdZAFxFvbA==",
      "requires": {
        "compare-versions": "^3.4.0"
      }
    },
    "@unimodules/react-native-adapter": {
      "version": "5.6.0",
      "resolved": "https://registry.npmjs.org/@unimodules/react-native-adapter/-/react-native-adapter-5.6.0.tgz",
      "integrity": "sha512-X2bkueyzCw8QXyzCOD68uLurI4XFnzZzVtbRGiEgbd/x+JbyVhN0VqsOXXApfolh1vtO+KVj0rfQsYT1+nKp/A==",
      "requires": {
        "invariant": "^2.2.4",
        "lodash": "^4.5.0"
      }
    },
    "ansi-styles": {
      "version": "3.2.1",
      "resolved": "https://registry.npmjs.org/ansi-styles/-/ansi-styles-3.2.1.tgz",
      "integrity": "sha512-VT0ZI6kZRdTh8YyJw3SMbYm/u+NqfsAxEpWO0Pf9sq8/e94WxxOpPKx9FR1FlyCtOVDNOQ+8ntlqFxiRc+r5qA==",
      "requires": {
        "color-convert": "^1.9.0"
      }
    },
    "asap": {
      "version": "2.0.6",
      "resolved": "https://registry.npmjs.org/asap/-/asap-2.0.6.tgz",
      "integrity": "sha1-5QNHYR1+aQlDIIu9r+vLwvuGbUY="
    },
    "axios": {
      "version": "0.19.2",
      "resolved": "https://registry.npmjs.org/axios/-/axios-0.19.2.tgz",
      "integrity": "sha512-fjgm5MvRHLhx+osE2xoekY70AhARk3a6hkN+3Io1jc00jtquGvxYlKlsFUhmUET0V5te6CcZI7lcv2Ym61mjHA==",
      "requires": {
        "follow-redirects": "1.5.10"
      }
    },
    "blueimp-md5": {
      "version": "2.18.0",
      "resolved": "https://registry.npmjs.org/blueimp-md5/-/blueimp-md5-2.18.0.tgz",
      "integrity": "sha512-vE52okJvzsVWhcgUHOv+69OG3Mdg151xyn41aVQN/5W5S+S43qZhxECtYLAEHMSFWX6Mv5IZrzj3T5+JqXfj5Q=="
    },
    "boolbase": {
      "version": "1.0.0",
      "resolved": "https://registry.npmjs.org/boolbase/-/boolbase-1.0.0.tgz",
      "integrity": "sha1-aN/1++YMUes3cl6p4+0xDcwed24="
    },
    "buffer-alloc": {
      "version": "1.2.0",
      "resolved": "https://registry.npmjs.org/buffer-alloc/-/buffer-alloc-1.2.0.tgz",
      "integrity": "sha512-CFsHQgjtW1UChdXgbyJGtnm+O/uLQeZdtbDo8mfUgYXCHSM1wgrVxXm6bSyrUuErEb+4sYVGCzASBRot7zyrow==",
      "requires": {
        "buffer-alloc-unsafe": "^1.1.0",
        "buffer-fill": "^1.0.0"
      }
    },
    "buffer-alloc-unsafe": {
      "version": "1.1.0",
      "resolved": "https://registry.npmjs.org/buffer-alloc-unsafe/-/buffer-alloc-unsafe-1.1.0.tgz",
      "integrity": "sha512-TEM2iMIEQdJ2yjPJoSIsldnleVaAk1oW3DBVUykyOLsEsFmEc9kn+SFFPz+gl54KQNxlDnAwCXosOS9Okx2xAg=="
    },
    "buffer-fill": {
      "version": "1.0.0",
      "resolved": "https://registry.npmjs.org/buffer-fill/-/buffer-fill-1.0.0.tgz",
      "integrity": "sha1-+PeLdniYiO858gXNY39o5wISKyw="
    },
    "chalk": {
      "version": "2.4.2",
      "resolved": "https://registry.npmjs.org/chalk/-/chalk-2.4.2.tgz",
      "integrity": "sha512-Mti+f9lpJNcwF4tWV8/OrTTtF1gZi+f8FqlyAdouralcFWFQWF2+NgCHShjkCb+IFBLq9buZwE1xckQU4peSuQ==",
      "requires": {
        "ansi-styles": "^3.2.1",
        "escape-string-regexp": "^1.0.5",
        "supports-color": "^5.3.0"
      }
    },
    "color-convert": {
      "version": "1.9.3",
      "resolved": "https://registry.npmjs.org/color-convert/-/color-convert-1.9.3.tgz",
      "integrity": "sha512-QfAUtd+vFdAtFQcC8CCyYt1fYWxSqAiK2cSD6zDB8N3cpsEBAvRxp9zOGg6G/SHHJYAT88/az/IuDGALsNVbGg==",
      "requires": {
        "color-name": "1.1.3"
      }
    },
    "color-name": {
      "version": "1.1.3",
      "resolved": "https://registry.npmjs.org/color-name/-/color-name-1.1.3.tgz",
      "integrity": "sha1-p9BVi9icQveV3UIyj3QIMcpTvCU="
    },
    "compare-versions": {
      "version": "3.6.0",
      "resolved": "https://registry.npmjs.org/compare-versions/-/compare-versions-3.6.0.tgz",
      "integrity": "sha512-W6Af2Iw1z4CB7q4uU4hv646dW9GQuBM+YpC0UvUCWSD8w90SJjp+ujJuXaEMtAXBtSqGfMPuFOVn4/+FlaqfBA=="
    },
    "core-js": {
      "version": "2.6.11",
      "resolved": "https://registry.npmjs.org/core-js/-/core-js-2.6.11.tgz",
      "integrity": "sha512-5wjnpaT/3dV+XB4borEsnAYQchn00XSgTAWKDkEqv+K8KevjbzmofK6hfJ9TZIlpj2N0xQpazy7PiRQiWHqzWg=="
    },
    "css-select": {
      "version": "2.1.0",
      "resolved": "https://registry.npmjs.org/css-select/-/css-select-2.1.0.tgz",
      "integrity": "sha512-Dqk7LQKpwLoH3VovzZnkzegqNSuAziQyNZUcrdDM401iY+R5NkGBXGmtO05/yaXQziALuPogeG0b7UAgjnTJTQ==",
      "requires": {
        "boolbase": "^1.0.0",
        "css-what": "^3.2.1",
        "domutils": "^1.7.0",
        "nth-check": "^1.0.2"
      }
    },
    "css-tree": {
      "version": "1.0.0-alpha.39",
      "resolved": "https://registry.npmjs.org/css-tree/-/css-tree-1.0.0-alpha.39.tgz",
      "integrity": "sha512-7UvkEYgBAHRG9Nt980lYxjsTrCyHFN53ky3wVsDkiMdVqylqRt+Zc+jm5qw7/qyOvN2dHSYtX0e4MbCCExSvnA==",
      "requires": {
        "mdn-data": "2.0.6",
        "source-map": "^0.6.1"
      }
    },
    "css-what": {
      "version": "3.3.0",
      "resolved": "https://registry.npmjs.org/css-what/-/css-what-3.3.0.tgz",
      "integrity": "sha512-pv9JPyatiPaQ6pf4OvD/dbfm0o5LviWmwxNWzblYf/1u9QZd0ihV+PMwy5jdQWQ3349kZmKEx9WXuSka2dM4cg=="
    },
    "date-fns": {
      "version": "2.15.0",
      "resolved": "https://registry.npmjs.org/date-fns/-/date-fns-2.15.0.tgz",
      "integrity": "sha512-ZCPzAMJZn3rNUvvQIMlXhDr4A+Ar07eLeGsGREoWU19a3Pqf5oYa+ccd+B3F6XVtQY6HANMFdOQ8A+ipFnvJdQ=="
    },
    "deep-diff": {
      "version": "0.3.8",
      "resolved": "https://registry.npmjs.org/deep-diff/-/deep-diff-0.3.8.tgz",
      "integrity": "sha1-wB3mPvsO7JeYgB1Ax+Da4ltYLIQ="
    },
    "dom-serializer": {
      "version": "0.2.2",
      "resolved": "https://registry.npmjs.org/dom-serializer/-/dom-serializer-0.2.2.tgz",
      "integrity": "sha512-2/xPb3ORsQ42nHYiSunXkDjPLBaEj/xTwUO4B7XCZQTRk7EBtTOPaygh10YAAh2OI1Qrp6NWfpAhzswj0ydt9g==",
      "requires": {
        "domelementtype": "^2.0.1",
        "entities": "^2.0.0"
      },
      "dependencies": {
        "domelementtype": {
          "version": "2.0.1",
          "resolved": "https://registry.npmjs.org/domelementtype/-/domelementtype-2.0.1.tgz",
          "integrity": "sha512-5HOHUDsYZWV8FGWN0Njbr/Rn7f/eWSQi1v7+HsUVwXgn8nWWlL64zKDkS0n8ZmQ3mlWOMuXOnR+7Nx/5tMO5AQ=="
        }
      }
    },
    "domelementtype": {
      "version": "1.3.1",
      "resolved": "https://registry.npmjs.org/domelementtype/-/domelementtype-1.3.1.tgz",
      "integrity": "sha512-BSKB+TSpMpFI/HOxCNr1O8aMOTZ8hT3pM3GQ0w/mWRmkhEDSFJkkyzz4XQsBV44BChwGkrDfMyjVD0eA2aFV3w=="
    },
    "domutils": {
      "version": "1.7.0",
      "resolved": "https://registry.npmjs.org/domutils/-/domutils-1.7.0.tgz",
      "integrity": "sha512-Lgd2XcJ/NjEw+7tFvfKxOzCYKZsdct5lczQ2ZaQY8Djz7pfAD3Gbp8ySJWtreII/vDlMVmxwa6pHmdxIYgttDg==",
      "requires": {
        "dom-serializer": "0",
        "domelementtype": "1"
      }
    },
    "encoding": {
      "version": "0.1.13",
      "resolved": "https://registry.npmjs.org/encoding/-/encoding-0.1.13.tgz",
      "integrity": "sha512-ETBauow1T35Y/WZMkio9jiM0Z5xjHHmJ4XmjZOq1l/dXz3lr2sRn87nJy20RupqSh1F2m3HHPSp8ShIPQJrJ3A==",
      "requires": {
        "iconv-lite": "^0.6.2"
      }
    },
    "entities": {
      "version": "2.0.3",
      "resolved": "https://registry.npmjs.org/entities/-/entities-2.0.3.tgz",
      "integrity": "sha512-MyoZ0jgnLvB2X3Lg5HqpFmn1kybDiIfEQmKzTb5apr51Rb+T3KdmMiqa70T+bhGnyv7bQ6WMj2QMHpGMmlrUYQ=="
    },
    "escape-string-regexp": {
      "version": "1.0.5",
      "resolved": "https://registry.npmjs.org/escape-string-regexp/-/escape-string-regexp-1.0.5.tgz",
      "integrity": "sha1-G2HAViGQqN/2rjuyzwIAyhMLhtQ="
    },
    "expo-asset": {
      "version": "8.2.0",
      "resolved": "https://registry.npmjs.org/expo-asset/-/expo-asset-8.2.0.tgz",
      "integrity": "sha512-Z4D8jcN19GJ/pCqm6slP+Yhao1TP1RkSK/NIHpMKlkz36aqSh0V58J97zvwb1WdkYef5evAzj2uDGpH/VwLOdQ==",
      "requires": {
        "blueimp-md5": "^2.10.0",
        "invariant": "^2.2.4",
        "md5-file": "^3.2.3",
        "path-browserify": "^1.0.0",
        "url-parse": "^1.4.4"
      }
    },
    "expo-constants": {
      "version": "9.2.0",
      "resolved": "https://registry.npmjs.org/expo-constants/-/expo-constants-9.2.0.tgz",
      "integrity": "sha512-WKwiEMvBgPrEPEyZKm21UUB2KWQux9OCWf6ZDORLTln7kO3rsbaJEprfWUWTP7AxyaLMYfN+/0WFHjZc25SZWQ==",
      "requires": {
        "fbjs": "1.0.0",
        "uuid": "^3.3.2"
      }
    },
    "expo-file-system": {
      "version": "9.2.0",
      "resolved": "https://registry.npmjs.org/expo-file-system/-/expo-file-system-9.2.0.tgz",
      "integrity": "sha512-GsDf+E6e1WyYqyUiXbcWthLk7oVO+WDticnHUGAzb17hVCgxJhlUbRriwY3kBkQAX1mr+Hq9lkgJPIRbV197Fw==",
      "requires": {
        "uuid": "^3.4.0"
      }
    },
    "expo-image-loader": {
      "version": "1.2.0",
      "resolved": "https://registry.npmjs.org/expo-image-loader/-/expo-image-loader-1.2.0.tgz",
      "integrity": "sha512-cftM8EonIPD4Tjydr5aFpFM1/GsNoIC79YV+ulVR3Zfn3RYcR4whwDcmzFCPuVFEO1Df4oBfEbdXfqlk96DR5Q=="
    },
    "expo-permissions": {
      "version": "9.3.0",
      "resolved": "https://registry.npmjs.org/expo-permissions/-/expo-permissions-9.3.0.tgz",
      "integrity": "sha512-ylSJZVvEGJVFTKsFrUL2S6gCvFt+/o8TJ3xT4WaMjHe2/2Z7R8ng6NR47Kt54t7XBIV/SZ7DIY9uRiR7TPuNYA=="
    },
    "fbjs": {
      "version": "1.0.0",
      "resolved": "https://registry.npmjs.org/fbjs/-/fbjs-1.0.0.tgz",
      "integrity": "sha512-MUgcMEJaFhCaF1QtWGnmq9ZDRAzECTCRAF7O6UZIlAlkTs1SasiX9aP0Iw7wfD2mJ7wDTNfg2w7u5fSCwJk1OA==",
      "requires": {
        "core-js": "^2.4.1",
        "fbjs-css-vars": "^1.0.0",
        "isomorphic-fetch": "^2.1.1",
        "loose-envify": "^1.0.0",
        "object-assign": "^4.1.0",
        "promise": "^7.1.1",
        "setimmediate": "^1.0.5",
        "ua-parser-js": "^0.7.18"
      }
    },
    "fbjs-css-vars": {
      "version": "1.0.2",
      "resolved": "https://registry.npmjs.org/fbjs-css-vars/-/fbjs-css-vars-1.0.2.tgz",
      "integrity": "sha512-b2XGFAFdWZWg0phtAWLHCk836A1Xann+I+Dgd3Gk64MHKZO44FfoD1KxyvbSh0qZsIoXQGGlVztIY+oitJPpRQ=="
    },
    "fecha": {
      "version": "3.0.3",
      "resolved": "https://registry.npmjs.org/fecha/-/fecha-3.0.3.tgz",
      "integrity": "sha512-6LQK/1jud/FZnfEEZJ7y81vw7ge81DNd/XEsX0hgMUjhS+QMljkb1C0czBaP7dMNRVrd5mw/J2J7qI2Nw+TWZw=="
    },
    "follow-redirects": {
      "version": "1.5.10",
      "resolved": "https://registry.npmjs.org/follow-redirects/-/follow-redirects-1.5.10.tgz",
      "integrity": "sha512-0V5l4Cizzvqt5D44aTXbFZz+FtyXV1vrDN6qrelxtfYQKW0KO0W2T/hkE8xvGa/540LkZlkaUjO4ailYTFtHVQ==",
      "requires": {
        "debug": "=3.1.0"
      },
      "dependencies": {
        "debug": {
          "version": "3.1.0",
          "resolved": "https://registry.npmjs.org/debug/-/debug-3.1.0.tgz",
          "integrity": "sha512-OX8XqP7/1a9cqkxYw2yXss15f26NKWBpDXQd0/uK/KPqdQhxbPa994hnzjcE2VqQpDslf55723cKPUOGSmMY3g==",
          "requires": {
            "ms": "2.0.0"
          }
        }
      }
    },
    "formik": {
      "version": "2.1.5",
      "resolved": "https://registry.npmjs.org/formik/-/formik-2.1.5.tgz",
      "integrity": "sha512-bWpo3PiqVDYslvrRjTq0Isrm0mFXHiO33D8MS6t6dWcqSFGeYF52nlpCM2xwOJ6tRVRznDkL+zz/iHPL4LDuvQ==",
      "requires": {
        "deepmerge": "^2.1.1",
        "hoist-non-react-statics": "^3.3.0",
        "lodash": "^4.17.14",
        "lodash-es": "^4.17.14",
        "react-fast-compare": "^2.0.1",
        "scheduler": "^0.18.0",
        "tiny-warning": "^1.0.2",
        "tslib": "^1.10.0"
      },
      "dependencies": {
        "deepmerge": {
          "version": "2.2.1",
          "resolved": "https://registry.npmjs.org/deepmerge/-/deepmerge-2.2.1.tgz",
          "integrity": "sha512-R9hc1Xa/NOBi9WRVUWg19rl1UB7Tt4kuPd+thNJgFZoxXsTz7ncaPaeIm+40oSGuP33DfMb4sZt1QIGiJzC4EA=="
        },
        "scheduler": {
          "version": "0.18.0",
          "resolved": "https://registry.npmjs.org/scheduler/-/scheduler-0.18.0.tgz",
          "integrity": "sha512-agTSHR1Nbfi6ulI0kYNK0203joW2Y5W4po4l+v03tOoiJKpTBbxpNhWDvqc/4IcOw+KLmSiQLTasZ4cab2/UWQ==",
          "requires": {
            "loose-envify": "^1.1.0",
            "object-assign": "^4.1.1"
          }
        }
      }
    },
    "has-flag": {
      "version": "3.0.0",
      "resolved": "https://registry.npmjs.org/has-flag/-/has-flag-3.0.0.tgz",
      "integrity": "sha1-tdRU3CGZriJWmfNGfloH87lVuv0="
    },
    "hoist-non-react-statics": {
      "version": "3.3.2",
      "resolved": "https://registry.npmjs.org/hoist-non-react-statics/-/hoist-non-react-statics-3.3.2.tgz",
      "integrity": "sha512-/gGivxi8JPKWNm/W0jSmzcMPpfpPLc3dY/6GxhX2hQ9iGj3aDfklV4ET7NjKpSinLpJ5vafa9iiGIEZg10SfBw==",
      "requires": {
        "react-is": "^16.7.0"
      }
    },
    "iconv-lite": {
      "version": "0.6.2",
      "resolved": "https://registry.npmjs.org/iconv-lite/-/iconv-lite-0.6.2.tgz",
      "integrity": "sha512-2y91h5OpQlolefMPmUlivelittSWy0rP+oYVpn6A7GwVHNE8AWzoYOBNmlwks3LobaJxgHCYZAnyNo2GgpNRNQ==",
      "requires": {
        "safer-buffer": ">= 2.1.2 < 3.0.0"
      }
    },
    "invariant": {
      "version": "2.2.4",
      "resolved": "https://registry.npmjs.org/invariant/-/invariant-2.2.4.tgz",
      "integrity": "sha512-phJfQVBuaJM5raOpJjSfkiD6BpbCE4Ns//LaXl6wGYtUBY83nWS6Rf9tXm2e8VaK60JEjYldbPif/A2B1C2gNA==",
      "requires": {
        "loose-envify": "^1.0.0"
      }
    },
    "is-stream": {
      "version": "1.1.0",
      "resolved": "https://registry.npmjs.org/is-stream/-/is-stream-1.1.0.tgz",
      "integrity": "sha1-EtSj3U5o4Lec6428hBc66A2RykQ="
    },
    "isomorphic-fetch": {
      "version": "2.2.1",
      "resolved": "https://registry.npmjs.org/isomorphic-fetch/-/isomorphic-fetch-2.2.1.tgz",
      "integrity": "sha1-YRrhrPFPXoH3KVB0coGf6XM1WKk=",
      "requires": {
        "node-fetch": "^1.0.1",
        "whatwg-fetch": ">=0.10.0"
      }
    },
    "js-tokens": {
      "version": "4.0.0",
      "resolved": "https://registry.npmjs.org/js-tokens/-/js-tokens-4.0.0.tgz",
      "integrity": "sha512-RdJUflcE3cUzKiMqQgsCu06FPu9UdIJO0beYbPhHN4k6apgJtifcoCtT9bcxOpYBtpD2kCM6Sbzg4CausW/PKQ=="
    },
    "lodash": {
      "version": "4.17.15",
      "resolved": "https://registry.npmjs.org/lodash/-/lodash-4.17.15.tgz",
      "integrity": "sha512-8xOcRHvCjnocdS5cpwXQXVzmmh5e5+saE2QGoeQmbKmRS6J3VQppPOIt0MnmE+4xlZoumy0GPG0D0MVIQbNA1A=="
    },
    "lodash-es": {
      "version": "4.17.15",
      "resolved": "https://registry.npmjs.org/lodash-es/-/lodash-es-4.17.15.tgz",
      "integrity": "sha512-rlrc3yU3+JNOpZ9zj5pQtxnx2THmvRykwL4Xlxoa8I9lHBlVbbyPhgyPMioxVZ4NqyxaVVtaJnzsyOidQIhyyQ=="
    },
    "lodash.merge": {
      "version": "4.6.2",
      "resolved": "https://registry.npmjs.org/lodash.merge/-/lodash.merge-4.6.2.tgz",
      "integrity": "sha512-0KpjqXRVvrYyCsX1swR/XTK0va6VQkQM6MNo7PqW77ByjAhoARA8EfrP1N4+KlKj8YS0ZUCtRT/YUuhyYDujIQ=="
    },
    "loose-envify": {
      "version": "1.4.0",
      "resolved": "https://registry.npmjs.org/loose-envify/-/loose-envify-1.4.0.tgz",
      "integrity": "sha512-lyuxPGr/Wfhrlem2CL/UcnUc1zcqKAImBDzukY7Y5F/yQiNdko6+fRLevlw1HgMySw7f611UIY408EtxRSoK3Q==",
      "requires": {
        "js-tokens": "^3.0.0 || ^4.0.0"
      }
    },
    "md5-file": {
      "version": "3.2.3",
      "resolved": "https://registry.npmjs.org/md5-file/-/md5-file-3.2.3.tgz",
      "integrity": "sha512-3Tkp1piAHaworfcCgH0jKbTvj1jWWFgbvh2cXaNCgHwyTCBxxvD1Y04rmfpvdPm1P4oXMOpm6+2H7sr7v9v8Fw==",
      "requires": {
        "buffer-alloc": "^1.1.0"
      }
    },
    "mdn-data": {
      "version": "2.0.6",
      "resolved": "https://registry.npmjs.org/mdn-data/-/mdn-data-2.0.6.tgz",
      "integrity": "sha512-rQvjv71olwNHgiTbfPZFkJtjNMciWgswYeciZhtvWLO8bmX3TnhyA62I6sTWOyZssWHJJjY6/KiWwqQsWWsqOA=="
    },
    "moment": {
      "version": "2.27.0",
      "resolved": "https://registry.npmjs.org/moment/-/moment-2.27.0.tgz",
      "integrity": "sha512-al0MUK7cpIcglMv3YF13qSgdAIqxHTO7brRtaz3DlSULbqfazqkc5kEjNrLDOM7fsjshoFIihnU8snrP7zUvhQ=="
    },
    "ms": {
      "version": "2.0.0",
      "resolved": "https://registry.npmjs.org/ms/-/ms-2.0.0.tgz",
      "integrity": "sha1-VgiurfwAvmwpAd9fmGF4jeDVl8g="
    },
    "node-fetch": {
      "version": "1.7.3",
      "resolved": "https://registry.npmjs.org/node-fetch/-/node-fetch-1.7.3.tgz",
      "integrity": "sha512-NhZ4CsKx7cYm2vSrBAr2PvFOe6sWDf0UYLRqA6svUYg7+/TSfVAu49jYC4BvQ4Sms9SZgdqGBgroqfDhJdTyKQ==",
      "requires": {
        "encoding": "^0.1.11",
        "is-stream": "^1.0.1"
      }
    },
    "nth-check": {
      "version": "1.0.2",
      "resolved": "https://registry.npmjs.org/nth-check/-/nth-check-1.0.2.tgz",
      "integrity": "sha512-WeBOdju8SnzPN5vTUJYxYUxLeXpCaVP5i5e0LF8fg7WORF2Wd7wFX/pk0tYZk7s8T+J7VLy0Da6J1+wCT0AtHg==",
      "requires": {
        "boolbase": "~1.0.0"
      }
    },
    "numeral": {
      "version": "2.0.6",
      "resolved": "https://registry.npmjs.org/numeral/-/numeral-2.0.6.tgz",
      "integrity": "sha1-StCAk21EPCVhrtnyGX7//iX05QY="
    },
    "object-assign": {
      "version": "4.1.1",
      "resolved": "https://registry.npmjs.org/object-assign/-/object-assign-4.1.1.tgz",
      "integrity": "sha1-IQmtx5ZYh8/AXLvUQsrIv7s2CGM="
    },
    "path-browserify": {
      "version": "1.0.1",
      "resolved": "https://registry.npmjs.org/path-browserify/-/path-browserify-1.0.1.tgz",
      "integrity": "sha512-b7uo2UCUOYZcnF/3ID0lulOJi/bafxa1xPe7ZPsammBSpjSWQkjNxlt635YGS2MiR9GjvuXCtz2emr3jbsz98g=="
    },
    "prettier": {
      "version": "2.0.5",
      "resolved": "https://registry.npmjs.org/prettier/-/prettier-2.0.5.tgz",
      "integrity": "sha512-7PtVymN48hGcO4fGjybyBSIWDsLU4H4XlvOHfq91pz9kkGlonzwTfYkaIEwiRg/dAJF9YlbsduBAgtYLi+8cFg==",
      "dev": true
    },
    "promise": {
      "version": "7.3.1",
      "resolved": "https://registry.npmjs.org/promise/-/promise-7.3.1.tgz",
      "integrity": "sha512-nolQXZ/4L+bP/UGlkfaIujX9BKxGwmQ9OT4mOt5yvy8iK1h3wqTEJCijzGANTCCl9nWjY41juyAn2K3Q1hLLTg==",
      "requires": {
        "asap": "~2.0.3"
      }
    },
    "prop-types": {
      "version": "15.7.2",
      "resolved": "https://registry.npmjs.org/prop-types/-/prop-types-15.7.2.tgz",
      "integrity": "sha512-8QQikdH7//R2vurIJSutZ1smHYTcLpRWEOlHnzcWHmBYrOGUysKwSsrC89BCiFj3CbrfJ/nXFdJepOVrY1GCHQ==",
      "requires": {
        "loose-envify": "^1.4.0",
        "object-assign": "^4.1.1",
        "react-is": "^16.8.1"
      }
    },
    "querystringify": {
      "version": "2.2.0",
      "resolved": "https://registry.npmjs.org/querystringify/-/querystringify-2.2.0.tgz",
      "integrity": "sha512-FIqgj2EUvTa7R50u0rGsyTftzjYmv/a3hO345bZNrqabNqjtgiDMgmo4mkUjd+nzU5oF3dClKqFIPUKybUyqoQ=="
    },
    "react-fast-compare": {
      "version": "2.0.4",
      "resolved": "https://registry.npmjs.org/react-fast-compare/-/react-fast-compare-2.0.4.tgz",
      "integrity": "sha512-suNP+J1VU1MWFKcyt7RtjiSWUjvidmQSlqu+eHslq+342xCbGTYmC0mEhPCOHxlW0CywylOC1u2DFAT+bv4dBw=="
    },
    "react-is": {
      "version": "16.13.1",
      "resolved": "https://registry.npmjs.org/react-is/-/react-is-16.13.1.tgz",
      "integrity": "sha512-24e6ynE2H+OKt4kqsOvNd8kBpV65zoxbA4BVsEOB3ARVWQki/DHzaUoC5KuON/BiccDaCCTZBuOcfZs70kR8bQ=="
    },
    "react-native-eva-icons": {
      "version": "1.3.1",
      "resolved": "https://registry.npmjs.org/react-native-eva-icons/-/react-native-eva-icons-1.3.1.tgz",
      "integrity": "sha512-emd/aYXuOacuDVTx0SJoLi+xsOdCNdljQB3PTNCM9AQ3m/smG0X1TN0+ihelPO7MqoHzaH0h6lbANtwxGUy8Fw=="
    },
    "react-native-fbsdk": {
      "version": "2.0.0",
      "resolved": "https://registry.npmjs.org/react-native-fbsdk/-/react-native-fbsdk-2.0.0.tgz",
      "integrity": "sha512-CyPKoBVt9Y+KznALcnN4lkh6dUNqZjyFS6GbkXXTFf72wR9Dl8bXF2dDj56w/o5/TFoCnNCmQlZgh7P/NiElZQ=="
    },
    "react-native-image-picker": {
      "version": "2.3.3",
      "resolved": "https://registry.npmjs.org/react-native-image-picker/-/react-native-image-picker-2.3.3.tgz",
      "integrity": "sha512-i/7JDnxKkUGSbFY2i7YqFNn3ncJm1YlcrPKXrXmJ/YUElz8tHkuwknuqBd9QCJivMfHX41cmq4XvdBDwIOtO+A=="
    },
    "react-native-linear-gradient": {
      "version": "2.5.6",
      "resolved": "https://registry.npmjs.org/react-native-linear-gradient/-/react-native-linear-gradient-2.5.6.tgz",
      "integrity": "sha512-HDwEaXcQIuXXCV70O+bK1rizFong3wj+5Q/jSyifKFLg0VWF95xh8XQgfzXwtq0NggL9vNjPKXa016KuFu+VFg=="
    },
    "react-native-safe-area-view": {
      "version": "1.1.1",
      "resolved": "https://registry.npmjs.org/react-native-safe-area-view/-/react-native-safe-area-view-1.1.1.tgz",
      "integrity": "sha512-bbLCtF+tqECyPWlgkWbIwx4vDPb0GEufx/ZGcSS4UljMcrpwluachDXoW9DBxhbMCc6k1V0ccqHWN7ntbRdERQ==",
      "requires": {
        "hoist-non-react-statics": "^2.3.1"
      },
      "dependencies": {
        "hoist-non-react-statics": {
          "version": "2.5.5",
          "resolved": "https://registry.npmjs.org/hoist-non-react-statics/-/hoist-non-react-statics-2.5.5.tgz",
          "integrity": "sha512-rqcy4pJo55FTTLWt+bU8ukscqHeE/e9KWvsOW2b/a3afxQZhwkQdT1rPPCJ0rYXdj4vNcasY8zHTH+jF/qStxw=="
        }
      }
    },
    "react-native-selection-group": {
      "version": "2.0.0",
      "resolved": "https://registry.npmjs.org/react-native-selection-group/-/react-native-selection-group-2.0.0.tgz",
      "integrity": "sha512-jRnqwOYzPayfB0PvLpgwYCiCPMOp8sXUufeBlI4NXIGHB8MGE/TA8jazq/eER99mTUA5e44JpDEALpEyghhN4A==",
      "requires": {
        "prop-types": "^15.6.1"
      }
    },
    "react-native-shimmer-placeholder": {
      "version": "1.0.36",
      "resolved": "https://registry.npmjs.org/react-native-shimmer-placeholder/-/react-native-shimmer-placeholder-1.0.36.tgz",
      "integrity": "sha512-GUFvCwXqiOkzK7PdzQVo9TNzh4dQT9sj+xvJu/8X3yU1S3GkKK1/SVQXpoNwdFZz2lfHJ5FWzoQDxd+3TDQODA=="
    },
    "react-native-svg": {
      "version": "12.1.0",
      "resolved": "https://registry.npmjs.org/react-native-svg/-/react-native-svg-12.1.0.tgz",
      "integrity": "sha512-1g9qBRci7man8QsHoXn6tP3DhCDiypGgc6+AOWq+Sy+PmP6yiyf8VmvKuoqrPam/tf5x+ZaBT2KI0gl7bptZ7w==",
      "requires": {
        "css-select": "^2.1.0",
        "css-tree": "^1.0.0-alpha.39"
      }
    },
    "react-native-unimodules": {
      "version": "0.11.0",
      "resolved": "https://registry.npmjs.org/react-native-unimodules/-/react-native-unimodules-0.11.0.tgz",
      "integrity": "sha512-iIxcr9TmgciM/lzOvak+lBkdeGKw74kbMIkr1zxKskhOwLq19kGtYl0/DQm+jcwbsEzTX83SaEPX0C0jqbfb/A==",
      "requires": {
        "@unimodules/core": "~5.5.0",
        "@unimodules/react-native-adapter": "~5.6.0",
        "chalk": "^2.4.2",
        "expo-asset": "~8.2.0",
        "expo-constants": "~9.2.0",
        "expo-file-system": "~9.2.0",
        "expo-image-loader": "~1.2.0",
        "expo-permissions": "~9.3.0",
        "unimodules-app-loader": "~1.3.0",
        "unimodules-barcode-scanner-interface": "~5.3.0",
        "unimodules-camera-interface": "~5.3.0",
        "unimodules-constants-interface": "~5.3.0",
        "unimodules-face-detector-interface": "~5.3.0",
        "unimodules-file-system-interface": "~5.3.0",
        "unimodules-font-interface": "~5.3.0",
        "unimodules-image-loader-interface": "~5.3.0",
        "unimodules-permissions-interface": "~5.3.0",
        "unimodules-sensors-interface": "~5.3.0",
        "unimodules-task-manager-interface": "~5.3.0"
      }
    },
    "react-redux": {
      "version": "7.2.1",
      "resolved": "https://registry.npmjs.org/react-redux/-/react-redux-7.2.1.tgz",
      "integrity": "sha512-T+VfD/bvgGTUA74iW9d2i5THrDQWbweXP0AVNI8tNd1Rk5ch1rnMiJkDD67ejw7YBKM4+REvcvqRuWJb7BLuEg==",
      "requires": {
        "@babel/runtime": "^7.5.5",
        "hoist-non-react-statics": "^3.3.0",
        "loose-envify": "^1.4.0",
        "prop-types": "^15.7.2",
        "react-is": "^16.9.0"
      }
    },
    "redux": {
      "version": "4.0.5",
      "resolved": "https://registry.npmjs.org/redux/-/redux-4.0.5.tgz",
      "integrity": "sha512-VSz1uMAH24DM6MF72vcojpYPtrTUu3ByVWfPL1nPfVRb5mZVTve5GnNCUV53QM/BZ66xfWrm0CTWoM+Xlz8V1w==",
      "requires": {
        "loose-envify": "^1.4.0",
        "symbol-observable": "^1.2.0"
      },
      "dependencies": {
        "symbol-observable": {
          "version": "1.2.0",
          "resolved": "https://registry.npmjs.org/symbol-observable/-/symbol-observable-1.2.0.tgz",
          "integrity": "sha512-e900nM8RRtGhlV36KGEU9k65K3mPb1WV70OdjfxlG2EAuM1noi/E/BaW/uMhL7bPEssK8QV57vN3esixjUvcXQ=="
        }
      }
    },
    "redux-logger": {
      "version": "3.0.6",
      "resolved": "https://registry.npmjs.org/redux-logger/-/redux-logger-3.0.6.tgz",
      "integrity": "sha1-91VZZvMJjzyIYExEnPC69XeCdL8=",
      "requires": {
        "deep-diff": "^0.3.5"
      }
    },
    "redux-persist": {
      "version": "6.0.0",
      "resolved": "https://registry.npmjs.org/redux-persist/-/redux-persist-6.0.0.tgz",
      "integrity": "sha512-71LLMbUq2r02ng2We9S215LtPu3fY0KgaGE0k8WRgl6RkqxtGfl7HUozz1Dftwsb0D/5mZ8dwAaPbtnzfvbEwQ=="
    },
    "redux-saga": {
      "version": "1.1.3",
      "resolved": "https://registry.npmjs.org/redux-saga/-/redux-saga-1.1.3.tgz",
      "integrity": "sha512-RkSn/z0mwaSa5/xH/hQLo8gNf4tlvT18qXDNvedihLcfzh+jMchDgaariQoehCpgRltEm4zHKJyINEz6aqswTw==",
      "requires": {
        "@redux-saga/core": "^1.1.3"
      }
    },
    "regenerator-runtime": {
      "version": "0.13.5",
      "resolved": "https://registry.npmjs.org/regenerator-runtime/-/regenerator-runtime-0.13.5.tgz",
      "integrity": "sha512-ZS5w8CpKFinUzOwW3c83oPeVXoNsrLsaCoLtJvAClH135j/R77RuymhiSErhm2lKcwSCIpmvIWSbDkIfAqKQlA=="
    },
    "requires-port": {
      "version": "1.0.0",
      "resolved": "https://registry.npmjs.org/requires-port/-/requires-port-1.0.0.tgz",
      "integrity": "sha1-kl0mAdOaxIXgkc8NpcbmlNw9yv8="
    },
    "reselect": {
      "version": "4.0.0",
      "resolved": "https://registry.npmjs.org/reselect/-/reselect-4.0.0.tgz",
      "integrity": "sha512-qUgANli03jjAyGlnbYVAV5vvnOmJnODyABz51RdBN7M4WaVu8mecZWgyQNkG8Yqe3KRGRt0l4K4B3XVEULC4CA=="
    },
    "safer-buffer": {
      "version": "2.1.2",
      "resolved": "https://registry.npmjs.org/safer-buffer/-/safer-buffer-2.1.2.tgz",
      "integrity": "sha512-YZo3K82SD7Riyi0E1EQPojLz7kpepnSQI9IyPbHHg1XXXevb5dJI7tpyN2ADxGcQbHG7vcyRHk0cbwqcQriUtg=="
    },
    "setimmediate": {
      "version": "1.0.5",
      "resolved": "https://registry.npmjs.org/setimmediate/-/setimmediate-1.0.5.tgz",
      "integrity": "sha1-KQy7Iy4waULX1+qbg3Mqt4VvgoU="
    },
    "source-map": {
      "version": "0.6.1",
      "resolved": "https://registry.npmjs.org/source-map/-/source-map-0.6.1.tgz",
      "integrity": "sha512-UjgapumWlbMhkBgzT7Ykc5YXUT46F0iKu8SGXq0bcwP5dz/h0Plj6enJqjz1Zbq2l5WaqYnrVbwWOWMyF3F47g=="
    },
    "supports-color": {
      "version": "5.5.0",
      "resolved": "https://registry.npmjs.org/supports-color/-/supports-color-5.5.0.tgz",
      "integrity": "sha512-QjVjwdXIt408MIiAqCX4oUKsgU2EqAGzs2Ppkm4aQYbjm+ZEWEcW4SfFNTr4uMNZma0ey4f5lgLrkB0aX0QMow==",
      "requires": {
        "has-flag": "^3.0.0"
      }
    },
    "tiny-warning": {
      "version": "1.0.3",
      "resolved": "https://registry.npmjs.org/tiny-warning/-/tiny-warning-1.0.3.tgz",
      "integrity": "sha512-lBN9zLN/oAf68o3zNXYrdCt1kP8WsiGW8Oo2ka41b2IM5JL/S1CTyX1rW0mb/zSuJun0ZUrDxx4sqvYS2FWzPA=="
    },
    "tslib": {
      "version": "1.13.0",
      "resolved": "https://registry.npmjs.org/tslib/-/tslib-1.13.0.tgz",
      "integrity": "sha512-i/6DQjL8Xf3be4K/E6Wgpekn5Qasl1usyw++dAA35Ue5orEn65VIxOA+YvNNl9HV3qv70T7CNwjODHZrLwvd1Q=="
    },
    "typescript-compare": {
      "version": "0.0.2",
      "resolved": "https://registry.npmjs.org/typescript-compare/-/typescript-compare-0.0.2.tgz",
      "integrity": "sha512-8ja4j7pMHkfLJQO2/8tut7ub+J3Lw2S3061eJLFQcvs3tsmJKp8KG5NtpLn7KcY2w08edF74BSVN7qJS0U6oHA==",
      "requires": {
        "typescript-logic": "^0.0.0"
      }
    },
    "typescript-logic": {
      "version": "0.0.0",
      "resolved": "https://registry.npmjs.org/typescript-logic/-/typescript-logic-0.0.0.tgz",
      "integrity": "sha512-zXFars5LUkI3zP492ls0VskH3TtdeHCqu0i7/duGt60i5IGPIpAHE/DWo5FqJ6EjQ15YKXrt+AETjv60Dat34Q=="
    },
    "typescript-tuple": {
      "version": "2.2.1",
      "resolved": "https://registry.npmjs.org/typescript-tuple/-/typescript-tuple-2.2.1.tgz",
      "integrity": "sha512-Zcr0lbt8z5ZdEzERHAMAniTiIKerFCMgd7yjq1fPnDJ43et/k9twIFQMUYff9k5oXcsQ0WpvFcgzK2ZKASoW6Q==",
      "requires": {
        "typescript-compare": "^0.0.2"
      }
    },
    "ua-parser-js": {
      "version": "0.7.22",
      "resolved": "https://registry.npmjs.org/ua-parser-js/-/ua-parser-js-0.7.22.tgz",
      "integrity": "sha512-YUxzMjJ5T71w6a8WWVcMGM6YWOTX27rCoIQgLXiWaxqXSx9D7DNjiGWn1aJIRSQ5qr0xuhra77bSIh6voR/46Q=="
    },
    "unimodules-app-loader": {
      "version": "1.3.0",
      "resolved": "https://registry.npmjs.org/unimodules-app-loader/-/unimodules-app-loader-1.3.0.tgz",
      "integrity": "sha512-PAQcbm0KVuqj9M5Vryo8rEJXe1VGWy7yWFUmjpdfvbhWO1JeDZUNiVXdP9M4NfISJfWcVcZ2Rfdfpqiubaz8rQ=="
    },
    "unimodules-barcode-scanner-interface": {
      "version": "5.3.0",
      "resolved": "https://registry.npmjs.org/unimodules-barcode-scanner-interface/-/unimodules-barcode-scanner-interface-5.3.0.tgz",
      "integrity": "sha512-nxWbLXv3JpkGS9I9REcEPk4vQNAbbLnstn1JVHs9agKP0IrNPQVmgqk1RWRdU6DM5QwaB+lb3jWVFVwHrI/NmA=="
    },
    "unimodules-camera-interface": {
      "version": "5.3.0",
      "resolved": "https://registry.npmjs.org/unimodules-camera-interface/-/unimodules-camera-interface-5.3.0.tgz",
      "integrity": "sha512-rDzGUdAP9gfs1sgBmFRh1z2tkrwL0nVfEH81DAMir1216ZcmL7oYvLWUjQn9CAzUKhj5R6/G8D7/TrgY5qERBQ=="
    },
    "unimodules-constants-interface": {
      "version": "5.3.0",
      "resolved": "https://registry.npmjs.org/unimodules-constants-interface/-/unimodules-constants-interface-5.3.0.tgz",
      "integrity": "sha512-zE/iMu72Yo4fnVIpcsdfJowhXk08n7XBj1Mg5MC9G+SSkBqcIIk5xpm0H7/FqUfWmOVTeNEcoWYkBE/vu0p3mQ=="
    },
    "unimodules-face-detector-interface": {
      "version": "5.3.0",
      "resolved": "https://registry.npmjs.org/unimodules-face-detector-interface/-/unimodules-face-detector-interface-5.3.0.tgz",
      "integrity": "sha512-CL0FgDXDjFRBe8nlnVRwqpbYmY/d/86nSQU+s36Cc6Vkm8PWxJAooTImhEqBlVI4ldhkBIvPBiJcTgrv7kbaWg=="
    },
    "unimodules-file-system-interface": {
      "version": "5.3.0",
      "resolved": "https://registry.npmjs.org/unimodules-file-system-interface/-/unimodules-file-system-interface-5.3.0.tgz",
      "integrity": "sha512-mi4oWzO6/BDnu26HZ8FtGnBqfaoDUP1TL0ouHL0Pgv5QpXD/to2WrO7I01Z3TRjh50Um5C9gcLpt/rDyTurzag=="
    },
    "unimodules-font-interface": {
      "version": "5.3.0",
      "resolved": "https://registry.npmjs.org/unimodules-font-interface/-/unimodules-font-interface-5.3.0.tgz",
      "integrity": "sha512-HgxeJ5t/MBOxbAMWW7mfr4XHp+8TFH+eh7iUceIdCWF0rldNq8V+r8vkq1/SaD6EMZ1F4HY0WjDpVA3mOpJfwQ=="
    },
    "unimodules-image-loader-interface": {
      "version": "5.3.0",
      "resolved": "https://registry.npmjs.org/unimodules-image-loader-interface/-/unimodules-image-loader-interface-5.3.0.tgz",
      "integrity": "sha512-xVunpdS2ZMhAL5FQWNspUaKar0lXIBcE9PEDlX+eTN7Q1MampkVbx+gauCv1YQaFHPqJ9KtqodgpAvMlnMhgqw=="
    },
    "unimodules-permissions-interface": {
      "version": "5.3.0",
      "resolved": "https://registry.npmjs.org/unimodules-permissions-interface/-/unimodules-permissions-interface-5.3.0.tgz",
      "integrity": "sha512-DxgzzRp/3JzIyKYsfQpuWuesl4EYEx6nRZRMk6pWudfsvYu51RKOv5jwY4KskpW7sDGo6xHmiwQ6KCJu9UMQBA=="
    },
    "unimodules-sensors-interface": {
      "version": "5.3.0",
      "resolved": "https://registry.npmjs.org/unimodules-sensors-interface/-/unimodules-sensors-interface-5.3.0.tgz",
      "integrity": "sha512-WtqOED3/bmm+AMXu1xl4TVh1W40uaZSGSlxCZMNLSOkT1Rp38Ci1T2sL+izTq3dJ5kMdl0DsZJ5VtA+CqaKtXg=="
    },
    "unimodules-task-manager-interface": {
      "version": "5.3.0",
      "resolved": "https://registry.npmjs.org/unimodules-task-manager-interface/-/unimodules-task-manager-interface-5.3.0.tgz",
      "integrity": "sha512-Q0mRH9a34eLA1xBVjy54Pkl3KmQAEoc4mrhsaIdAyJvJCDsT+UINBlRi5i8EHA8QY4jTd+fv9nHkHnDHQiWjtA=="
    },
    "url-parse": {
      "version": "1.4.7",
      "resolved": "https://registry.npmjs.org/url-parse/-/url-parse-1.4.7.tgz",
      "integrity": "sha512-d3uaVyzDB9tQoSXFvuSUNFibTd9zxd2bkVrDRvF5TmvWWQwqE4lgYJ5m+x1DbecWkw+LK4RNl2CU1hHuOKPVlg==",
      "requires": {
        "querystringify": "^2.1.1",
        "requires-port": "^1.0.0"
      }
    },
    "uuid": {
      "version": "3.4.0",
      "resolved": "https://registry.npmjs.org/uuid/-/uuid-3.4.0.tgz",
      "integrity": "sha512-HjSDRw6gZE5JMggctHBcjVak08+KEVhSIiDzFnT9S9aegmp85S/bReBVTb4QTFaRNptJ9kuYaNhnbNEOkbKb/A=="
    },
    "whatwg-fetch": {
      "version": "3.4.1",
      "resolved": "https://registry.npmjs.org/whatwg-fetch/-/whatwg-fetch-3.4.1.tgz",
      "integrity": "sha512-sofZVzE1wKwO+EYPbWfiwzaKovWiZXf4coEzjGP9b2GBVgQRLQUZ2QcuPpQExGDAW5GItpEm6Tl4OU5mywnAoQ=="
    }
  }
}
